// !$*UTF8*$!
{
	archiveVersion = 1;
	classes = {
	};
	objectVersion = 50;
	objects = {

/* Begin PBXBuildFile section */
		D94C3F63244C283000498B2A /* AppDelegate.swift in Sources */ = {isa = PBXBuildFile; fileRef = D94C3F62244C283000498B2A /* AppDelegate.swift */; };
		D94C3F65244C283000498B2A /* SceneDelegate.swift in Sources */ = {isa = PBXBuildFile; fileRef = D94C3F64244C283000498B2A /* SceneDelegate.swift */; };
		D94C3F67244C283000498B2A /* ViewController.swift in Sources */ = {isa = PBXBuildFile; fileRef = D94C3F66244C283000498B2A /* ViewController.swift */; };
		D94C3F6A244C283000498B2A /* Main.storyboard in Resources */ = {isa = PBXBuildFile; fileRef = D94C3F68244C283000498B2A /* Main.storyboard */; };
		D94C3F6C244C283000498B2A /* Assets.xcassets in Resources */ = {isa = PBXBuildFile; fileRef = D94C3F6B244C283000498B2A /* Assets.xcassets */; };
		D94C3F6F244C283100498B2A /* LaunchScreen.storyboard in Resources */ = {isa = PBXBuildFile; fileRef = D94C3F6D244C283100498B2A /* LaunchScreen.storyboard */; };
		D94C3F7A244C283100498B2A /* CarthageTestTests.swift in Sources */ = {isa = PBXBuildFile; fileRef = D94C3F79244C283100498B2A /* CarthageTestTests.swift */; };
		D94C3F8A244C3B0700498B2A /* RxSwift.framework in Frameworks */ = {isa = PBXBuildFile; fileRef = D94C3F85244C38E900498B2A /* RxSwift.framework */; };
		D94C3F8F244C3BEF00498B2A /* Nimble.framework in Frameworks */ = {isa = PBXBuildFile; fileRef = D94C3F8E244C3BEF00498B2A /* Nimble.framework */; };
/* End PBXBuildFile section */

/* Begin PBXContainerItemProxy section */
		D94C3F76244C283100498B2A /* PBXContainerItemProxy */ = {
			isa = PBXContainerItemProxy;
			containerPortal = D94C3F57244C283000498B2A /* Project object */;
			proxyType = 1;
			remoteGlobalIDString = D94C3F5E244C283000498B2A;
			remoteInfo = CarthageTest;
		};
/* End PBXContainerItemProxy section */

/* Begin PBXFileReference section */
		D94C3F5F244C283000498B2A /* CarthageTest.app */ = {isa = PBXFileReference; explicitFileType = wrapper.application; includeInIndex = 0; path = CarthageTest.app; sourceTree = BUILT_PRODUCTS_DIR; };
		D94C3F62244C283000498B2A /* AppDelegate.swift */ = {isa = PBXFileReference; lastKnownFileType = sourcecode.swift; path = AppDelegate.swift; sourceTree = "<group>"; };
		D94C3F64244C283000498B2A /* SceneDelegate.swift */ = {isa = PBXFileReference; lastKnownFileType = sourcecode.swift; path = SceneDelegate.swift; sourceTree = "<group>"; };
		D94C3F66244C283000498B2A /* ViewController.swift */ = {isa = PBXFileReference; lastKnownFileType = sourcecode.swift; path = ViewController.swift; sourceTree = "<group>"; };
		D94C3F69244C283000498B2A /* Base */ = {isa = PBXFileReference; lastKnownFileType = file.storyboard; name = Base; path = Base.lproj/Main.storyboard; sourceTree = "<group>"; };
		D94C3F6B244C283000498B2A /* Assets.xcassets */ = {isa = PBXFileReference; lastKnownFileType = folder.assetcatalog; path = Assets.xcassets; sourceTree = "<group>"; };
		D94C3F6E244C283100498B2A /* Base */ = {isa = PBXFileReference; lastKnownFileType = file.storyboard; name = Base; path = Base.lproj/LaunchScreen.storyboard; sourceTree = "<group>"; };
		D94C3F70244C283100498B2A /* Info.plist */ = {isa = PBXFileReference; lastKnownFileType = text.plist.xml; path = Info.plist; sourceTree = "<group>"; };
		D94C3F75244C283100498B2A /* CarthageTestTests.xctest */ = {isa = PBXFileReference; explicitFileType = wrapper.cfbundle; includeInIndex = 0; path = CarthageTestTests.xctest; sourceTree = BUILT_PRODUCTS_DIR; };
		D94C3F79244C283100498B2A /* CarthageTestTests.swift */ = {isa = PBXFileReference; lastKnownFileType = sourcecode.swift; path = CarthageTestTests.swift; sourceTree = "<group>"; };
		D94C3F7B244C283100498B2A /* Info.plist */ = {isa = PBXFileReference; lastKnownFileType = text.plist.xml; path = Info.plist; sourceTree = "<group>"; };
		D94C3F85244C38E900498B2A /* RxSwift.framework */ = {isa = PBXFileReference; lastKnownFileType = wrapper.framework; name = RxSwift.framework; path = Carthage/Build/iOS/RxSwift.framework; sourceTree = "<group>"; };
		D94C3F8E244C3BEF00498B2A /* Nimble.framework */ = {isa = PBXFileReference; lastKnownFileType = wrapper.framework; name = Nimble.framework; path = Carthage/Build/iOS/Nimble.framework; sourceTree = "<group>"; };
/* End PBXFileReference section */

/* Begin PBXFrameworksBuildPhase section */
		D94C3F5C244C283000498B2A /* Frameworks */ = {
			isa = PBXFrameworksBuildPhase;
			buildActionMask = 2147483647;
			files = (
				D94C3F8A244C3B0700498B2A /* RxSwift.framework in Frameworks */,
			);
			runOnlyForDeploymentPostprocessing = 0;
		};
		D94C3F72244C283100498B2A /* Frameworks */ = {
			isa = PBXFrameworksBuildPhase;
			buildActionMask = 2147483647;
			files = (
				D94C3F8F244C3BEF00498B2A /* Nimble.framework in Frameworks */,
			);
			runOnlyForDeploymentPostprocessing = 0;
		};
/* End PBXFrameworksBuildPhase section */

/* Begin PBXGroup section */
		D94C3F56244C283000498B2A = {
			isa = PBXGroup;
			children = (
				D94C3F61244C283000498B2A /* CarthageTest */,
				D94C3F78244C283100498B2A /* CarthageTestTests */,
				D94C3F60244C283000498B2A /* Products */,
				D94C3F84244C38E900498B2A /* Frameworks */,
			);
			sourceTree = "<group>";
		};
		D94C3F60244C283000498B2A /* Products */ = {
			isa = PBXGroup;
			children = (
				D94C3F5F244C283000498B2A /* CarthageTest.app */,
				D94C3F75244C283100498B2A /* CarthageTestTests.xctest */,
			);
			name = Products;
			sourceTree = "<group>";
		};
		D94C3F61244C283000498B2A /* CarthageTest */ = {
			isa = PBXGroup;
			children = (
				D94C3F62244C283000498B2A /* AppDelegate.swift */,
				D94C3F64244C283000498B2A /* SceneDelegate.swift */,
				D94C3F66244C283000498B2A /* ViewController.swift */,
				D94C3F68244C283000498B2A /* Main.storyboard */,
				D94C3F6B244C283000498B2A /* Assets.xcassets */,
				D94C3F6D244C283100498B2A /* LaunchScreen.storyboard */,
				D94C3F70244C283100498B2A /* Info.plist */,
			);
			path = CarthageTest;
			sourceTree = "<group>";
		};
		D94C3F78244C283100498B2A /* CarthageTestTests */ = {
			isa = PBXGroup;
			children = (
				D94C3F79244C283100498B2A /* CarthageTestTests.swift */,
				D94C3F7B244C283100498B2A /* Info.plist */,
			);
			path = CarthageTestTests;
			sourceTree = "<group>";
		};
		D94C3F84244C38E900498B2A /* Frameworks */ = {
			isa = PBXGroup;
			children = (
				D94C3F8E244C3BEF00498B2A /* Nimble.framework */,
				D94C3F85244C38E900498B2A /* RxSwift.framework */,
			);
			name = Frameworks;
			sourceTree = "<group>";
		};
/* End PBXGroup section */

/* Begin PBXNativeTarget section */
		D94C3F5E244C283000498B2A /* CarthageTest */ = {
			isa = PBXNativeTarget;
			buildConfigurationList = D94C3F7E244C283100498B2A /* Build configuration list for PBXNativeTarget "CarthageTest" */;
			buildPhases = (
				D94C3F5B244C283000498B2A /* Sources */,
				D94C3F5C244C283000498B2A /* Frameworks */,
				D94C3F5D244C283000498B2A /* Resources */,
				D94C3F8D244C3B3E00498B2A /* Carthage */,
			);
			buildRules = (
			);
			dependencies = (
			);
			name = CarthageTest;
			productName = CarthageTest;
			productReference = D94C3F5F244C283000498B2A /* CarthageTest.app */;
			productType = "com.apple.product-type.application";
		};
		D94C3F74244C283100498B2A /* CarthageTestTests */ = {
			isa = PBXNativeTarget;
			buildConfigurationList = D94C3F81244C283100498B2A /* Build configuration list for PBXNativeTarget "CarthageTestTests" */;
			buildPhases = (
				D94C3F71244C283100498B2A /* Sources */,
				D94C3F72244C283100498B2A /* Frameworks */,
				D94C3F73244C283100498B2A /* Resources */,
				D94C3F91244C3E6700498B2A /* Carthage */,
			);
			buildRules = (
			);
			dependencies = (
				D94C3F77244C283100498B2A /* PBXTargetDependency */,
			);
			name = CarthageTestTests;
			productName = CarthageTestTests;
			productReference = D94C3F75244C283100498B2A /* CarthageTestTests.xctest */;
			productType = "com.apple.product-type.bundle.unit-test";
		};
/* End PBXNativeTarget section */

/* Begin PBXProject section */
		D94C3F57244C283000498B2A /* Project object */ = {
			isa = PBXProject;
			attributes = {
				LastSwiftUpdateCheck = 1140;
				LastUpgradeCheck = 1140;
				ORGANIZATIONNAME = "Sergio Baro";
				TargetAttributes = {
					D94C3F5E244C283000498B2A = {
						CreatedOnToolsVersion = 11.4;
					};
					D94C3F74244C283100498B2A = {
						CreatedOnToolsVersion = 11.4;
						TestTargetID = D94C3F5E244C283000498B2A;
					};
				};
			};
			buildConfigurationList = D94C3F5A244C283000498B2A /* Build configuration list for PBXProject "CarthageTest" */;
			compatibilityVersion = "Xcode 9.3";
			developmentRegion = en;
			hasScannedForEncodings = 0;
			knownRegions = (
				en,
				Base,
			);
			mainGroup = D94C3F56244C283000498B2A;
			productRefGroup = D94C3F60244C283000498B2A /* Products */;
			projectDirPath = "";
			projectRoot = "";
			targets = (
				D94C3F5E244C283000498B2A /* CarthageTest */,
				D94C3F74244C283100498B2A /* CarthageTestTests */,
			);
		};
/* End PBXProject section */

/* Begin PBXResourcesBuildPhase section */
		D94C3F5D244C283000498B2A /* Resources */ = {
			isa = PBXResourcesBuildPhase;
			buildActionMask = 2147483647;
			files = (
				D94C3F6F244C283100498B2A /* LaunchScreen.storyboard in Resources */,
				D94C3F6C244C283000498B2A /* Assets.xcassets in Resources */,
				D94C3F6A244C283000498B2A /* Main.storyboard in Resources */,
			);
			runOnlyForDeploymentPostprocessing = 0;
		};
		D94C3F73244C283100498B2A /* Resources */ = {
			isa = PBXResourcesBuildPhase;
			buildActionMask = 2147483647;
			files = (
			);
			runOnlyForDeploymentPostprocessing = 0;
		};
/* End PBXResourcesBuildPhase section */

/* Begin PBXShellScriptBuildPhase section */
		D94C3F8D244C3B3E00498B2A /* Carthage */ = {
			isa = PBXShellScriptBuildPhase;
			buildActionMask = 2147483647;
			files = (
			);
			inputFileListPaths = (
			);
			inputPaths = (
				"$(SRCROOT)/Carthage/Build/iOS/RxSwift.framework",
			);
			name = Carthage;
			outputFileListPaths = (
			);
			outputPaths = (
				"$(BUILT_PRODUCTS_DIR)/$(FRAMEWORKS_FOLDER_PATH)/RxSwift.framework",
			);
			runOnlyForDeploymentPostprocessing = 0;
			shellPath = /bin/sh;
			shellScript = "/usr/local/bin/carthage copy-frameworks\n";
		};
		D94C3F91244C3E6700498B2A /* Carthage */ = {
			isa = PBXShellScriptBuildPhase;
			buildActionMask = 2147483647;
			files = (
			);
			inputFileListPaths = (
			);
			inputPaths = (
				"$(SRCROOT)/Carthage/Build/iOS/Nimble.framework",
			);
			name = Carthage;
			outputFileListPaths = (
			);
			outputPaths = (
				"$(BUILT_PRODUCTS_DIR)/$(FRAMEWORKS_FOLDER_PATH)/Nimble.framework",
			);
			runOnlyForDeploymentPostprocessing = 0;
			shellPath = /bin/sh;
			shellScript = "/usr/local/bin/carthage copy-frameworks\n\n";
		};
/* End PBXShellScriptBuildPhase section */

/* Begin PBXSourcesBuildPhase section */
		D94C3F5B244C283000498B2A /* Sources */ = {
			isa = PBXSourcesBuildPhase;
			buildActionMask = 2147483647;
			files = (
				D94C3F67244C283000498B2A /* ViewController.swift in Sources */,
				D94C3F63244C283000498B2A /* AppDelegate.swift in Sources */,
				D94C3F65244C283000498B2A /* SceneDelegate.swift in Sources */,
			);
			runOnlyForDeploymentPostprocessing = 0;
		};
		D94C3F71244C283100498B2A /* Sources */ = {
			isa = PBXSourcesBuildPhase;
			buildActionMask = 2147483647;
			files = (
				D94C3F7A244C283100498B2A /* CarthageTestTests.swift in Sources */,
			);
			runOnlyForDeploymentPostprocessing = 0;
		};
/* End PBXSourcesBuildPhase section */

/* Begin PBXTargetDependency section */
		D94C3F77244C283100498B2A /* PBXTargetDependency */ = {
			isa = PBXTargetDependency;
			target = D94C3F5E244C283000498B2A /* CarthageTest */;
			targetProxy = D94C3F76244C283100498B2A /* PBXContainerItemProxy */;
		};
/* End PBXTargetDependency section */

/* Begin PBXVariantGroup section */
		D94C3F68244C283000498B2A /* Main.storyboard */ = {
			isa = PBXVariantGroup;
			children = (
				D94C3F69244C283000498B2A /* Base */,
			);
			name = Main.storyboard;
			sourceTree = "<group>";
		};
		D94C3F6D244C283100498B2A /* LaunchScreen.storyboard */ = {
			isa = PBXVariantGroup;
			children = (
				D94C3F6E244C283100498B2A /* Base */,
			);
			name = LaunchScreen.storyboard;
			sourceTree = "<group>";
		};
/* End PBXVariantGroup section */

/* Begin XCBuildConfiguration section */
		D94C3F7C244C283100498B2A /* Debug */ = {
			isa = XCBuildConfiguration;
			buildSettings = {
				ALWAYS_SEARCH_USER_PATHS = NO;
				CLANG_ANALYZER_NONNULL = YES;
				CLANG_ANALYZER_NUMBER_OBJECT_CONVERSION = YES_AGGRESSIVE;
				CLANG_CXX_LANGUAGE_STANDARD = "gnu++14";
				CLANG_CXX_LIBRARY = "libc++";
				CLANG_ENABLE_MODULES = YES;
				CLANG_ENABLE_OBJC_ARC = YES;
				CLANG_ENABLE_OBJC_WEAK = YES;
				CLANG_WARN_BLOCK_CAPTURE_AUTORELEASING = YES;
				CLANG_WARN_BOOL_CONVERSION = YES;
				CLANG_WARN_COMMA = YES;
				CLANG_WARN_CONSTANT_CONVERSION = YES;
				CLANG_WARN_DEPRECATED_OBJC_IMPLEMENTATIONS = YES;
				CLANG_WARN_DIRECT_OBJC_ISA_USAGE = YES_ERROR;
				CLANG_WARN_DOCUMENTATION_COMMENTS = YES;
				CLANG_WARN_EMPTY_BODY = YES;
				CLANG_WARN_ENUM_CONVERSION = YES;
				CLANG_WARN_INFINITE_RECURSION = YES;
				CLANG_WARN_INT_CONVERSION = YES;
				CLANG_WARN_NON_LITERAL_NULL_CONVERSION = YES;
				CLANG_WARN_OBJC_IMPLICIT_RETAIN_SELF = YES;
				CLANG_WARN_OBJC_LITERAL_CONVERSION = YES;
				CLANG_WARN_OBJC_ROOT_CLASS = YES_ERROR;
				CLANG_WARN_RANGE_LOOP_ANALYSIS = YES;
				CLANG_WARN_STRICT_PROTOTYPES = YES;
				CLANG_WARN_SUSPICIOUS_MOVE = YES;
				CLANG_WARN_UNGUARDED_AVAILABILITY = YES_AGGRESSIVE;
				CLANG_WARN_UNREACHABLE_CODE = YES;
				CLANG_WARN__DUPLICATE_METHOD_MATCH = YES;
				COPY_PHASE_STRIP = NO;
				DEBUG_INFORMATION_FORMAT = dwarf;
				ENABLE_STRICT_OBJC_MSGSEND = YES;
				ENABLE_TESTABILITY = YES;
				GCC_C_LANGUAGE_STANDARD = gnu11;
				GCC_DYNAMIC_NO_PIC = NO;
				GCC_NO_COMMON_BLOCKS = YES;
				GCC_OPTIMIZATION_LEVEL = 0;
				GCC_PREPROCESSOR_DEFINITIONS = (
					"DEBUG=1",
					"$(inherited)",
				);
				GCC_WARN_64_TO_32_BIT_CONVERSION = YES;
				GCC_WARN_ABOUT_RETURN_TYPE = YES_ERROR;
				GCC_WARN_UNDECLARED_SELECTOR = YES;
				GCC_WARN_UNINITIALIZED_AUTOS = YES_AGGRESSIVE;
				GCC_WARN_UNUSED_FUNCTION = YES;
				GCC_WARN_UNUSED_VARIABLE = YES;
				IPHONEOS_DEPLOYMENT_TARGET = 13.4;
				MTL_ENABLE_DEBUG_INFO = INCLUDE_SOURCE;
				MTL_FAST_MATH = YES;
				ONLY_ACTIVE_ARCH = YES;
				SDKROOT = iphoneos;
				SWIFT_ACTIVE_COMPILATION_CONDITIONS = DEBUG;
				SWIFT_OPTIMIZATION_LEVEL = "-Onone";
			};
			name = Debug;
		};
		D94C3F7D244C283100498B2A /* Release */ = {
			isa = XCBuildConfiguration;
			buildSettings = {
				ALWAYS_SEARCH_USER_PATHS = NO;
				CLANG_ANALYZER_NONNULL = YES;
				CLANG_ANALYZER_NUMBER_OBJECT_CONVERSION = YES_AGGRESSIVE;
				CLANG_CXX_LANGUAGE_STANDARD = "gnu++14";
				CLANG_CXX_LIBRARY = "libc++";
				CLANG_ENABLE_MODULES = YES;
				CLANG_ENABLE_OBJC_ARC = YES;
				CLANG_ENABLE_OBJC_WEAK = YES;
				CLANG_WARN_BLOCK_CAPTURE_AUTORELEASING = YES;
				CLANG_WARN_BOOL_CONVERSION = YES;
				CLANG_WARN_COMMA = YES;
				CLANG_WARN_CONSTANT_CONVERSION = YES;
				CLANG_WARN_DEPRECATED_OBJC_IMPLEMENTATIONS = YES;
				CLANG_WARN_DIRECT_OBJC_ISA_USAGE = YES_ERROR;
				CLANG_WARN_DOCUMENTATION_COMMENTS = YES;
				CLANG_WARN_EMPTY_BODY = YES;
				CLANG_WARN_ENUM_CONVERSION = YES;
				CLANG_WARN_INFINITE_RECURSION = YES;
				CLANG_WARN_INT_CONVERSION = YES;
				CLANG_WARN_NON_LITERAL_NULL_CONVERSION = YES;
				CLANG_WARN_OBJC_IMPLICIT_RETAIN_SELF = YES;
				CLANG_WARN_OBJC_LITERAL_CONVERSION = YES;
				CLANG_WARN_OBJC_ROOT_CLASS = YES_ERROR;
				CLANG_WARN_RANGE_LOOP_ANALYSIS = YES;
				CLANG_WARN_STRICT_PROTOTYPES = YES;
				CLANG_WARN_SUSPICIOUS_MOVE = YES;
				CLANG_WARN_UNGUARDED_AVAILABILITY = YES_AGGRESSIVE;
				CLANG_WARN_UNREACHABLE_CODE = YES;
				CLANG_WARN__DUPLICATE_METHOD_MATCH = YES;
				COPY_PHASE_STRIP = NO;
				DEBUG_INFORMATION_FORMAT = "dwarf-with-dsym";
				ENABLE_NS_ASSERTIONS = NO;
				ENABLE_STRICT_OBJC_MSGSEND = YES;
				GCC_C_LANGUAGE_STANDARD = gnu11;
				GCC_NO_COMMON_BLOCKS = YES;
				GCC_WARN_64_TO_32_BIT_CONVERSION = YES;
				GCC_WARN_ABOUT_RETURN_TYPE = YES_ERROR;
				GCC_WARN_UNDECLARED_SELECTOR = YES;
				GCC_WARN_UNINITIALIZED_AUTOS = YES_AGGRESSIVE;
				GCC_WARN_UNUSED_FUNCTION = YES;
				GCC_WARN_UNUSED_VARIABLE = YES;
				IPHONEOS_DEPLOYMENT_TARGET = 13.4;
				MTL_ENABLE_DEBUG_INFO = NO;
				MTL_FAST_MATH = YES;
				SDKROOT = iphoneos;
				SWIFT_COMPILATION_MODE = wholemodule;
				SWIFT_OPTIMIZATION_LEVEL = "-O";
				VALIDATE_PRODUCT = YES;
			};
			name = Release;
		};
		D94C3F7F244C283100498B2A /* Debug */ = {
			isa = XCBuildConfiguration;
			buildSettings = {
				ASSETCATALOG_COMPILER_APPICON_NAME = AppIcon;
				CODE_SIGN_STYLE = Automatic;
				DEVELOPMENT_TEAM = U45ZNT55FZ;
				FRAMEWORK_SEARCH_PATHS = (
					"$(inherited)",
					"$(PROJECT_DIR)/Carthage/Build/iOS",
				);
				INFOPLIST_FILE = CarthageTest/Info.plist;
				LD_RUNPATH_SEARCH_PATHS = (
					"$(inherited)",
					"@executable_path/Frameworks",
				);
				PRODUCT_BUNDLE_IDENTIFIER = com.sbs.CarthageTest;
				PRODUCT_NAME = "$(TARGET_NAME)";
				SWIFT_VERSION = 5.0;
				TARGETED_DEVICE_FAMILY = "1,2";
			};
			name = Debug;
		};
		D94C3F80244C283100498B2A /* Release */ = {
			isa = XCBuildConfiguration;
			buildSettings = {
				ASSETCATALOG_COMPILER_APPICON_NAME = AppIcon;
				CODE_SIGN_STYLE = Automatic;
				DEVELOPMENT_TEAM = U45ZNT55FZ;
				FRAMEWORK_SEARCH_PATHS = (
					"$(inherited)",
					"$(PROJECT_DIR)/Carthage/Build/iOS",
				);
				INFOPLIST_FILE = CarthageTest/Info.plist;
				LD_RUNPATH_SEARCH_PATHS = (
					"$(inherited)",
					"@executable_path/Frameworks",
				);
				PRODUCT_BUNDLE_IDENTIFIER = com.sbs.CarthageTest;
				PRODUCT_NAME = "$(TARGET_NAME)";
				SWIFT_VERSION = 5.0;
				TARGETED_DEVICE_FAMILY = "1,2";
			};
			name = Release;
		};
		D94C3F82244C283100498B2A /* Debug */ = {
			isa = XCBuildConfiguration;
			buildSettings = {
				ALWAYS_EMBED_SWIFT_STANDARD_LIBRARIES = YES;
				BUNDLE_LOADER = "$(TEST_HOST)";
				CODE_SIGN_STYLE = Automatic;
				DEVELOPMENT_TEAM = U45ZNT55FZ;
				FRAMEWORK_SEARCH_PATHS = (
					"$(inherited)",
					"$(PROJECT_DIR)/Carthage/Build/iOS",
				);
				INFOPLIST_FILE = CarthageTestTests/Info.plist;
				IPHONEOS_DEPLOYMENT_TARGET = 13.4;
				LD_RUNPATH_SEARCH_PATHS = (
					"$(inherited)",
					"@executable_path/Frameworks",
					"@loader_path/Frameworks",
				);
				PRODUCT_BUNDLE_IDENTIFIER = com.sbs.CarthageTestTests;
				PRODUCT_NAME = "$(TARGET_NAME)";
				SWIFT_VERSION = 5.0;
				TARGETED_DEVICE_FAMILY = "1,2";
				TEST_HOST = "$(BUILT_PRODUCTS_DIR)/CarthageTest.app/CarthageTest";
			};
			name = Debug;
		};
		D94C3F83244C283100498B2A /* Release */ = {
			isa = XCBuildConfiguration;
			buildSettings = {
				ALWAYS_EMBED_SWIFT_STANDARD_LIBRARIES = YES;
				BUNDLE_LOADER = "$(TEST_HOST)";
				CODE_SIGN_STYLE = Automatic;
				DEVELOPMENT_TEAM = U45ZNT55FZ;
				FRAMEWORK_SEARCH_PATHS = (
					"$(inherited)",
					"$(PROJECT_DIR)/Carthage/Build/iOS",
				);
				INFOPLIST_FILE = CarthageTestTests/Info.plist;
				IPHONEOS_DEPLOYMENT_TARGET = 13.4;
				LD_RUNPATH_SEARCH_PATHS = (
					"$(inherited)",
					"@executable_path/Frameworks",
					"@loader_path/Frameworks",
				);
				PRODUCT_BUNDLE_IDENTIFIER = com.sbs.CarthageTestTests;
				PRODUCT_NAME = "$(TARGET_NAME)";
				SWIFT_VERSION = 5.0;
				TARGETED_DEVICE_FAMILY = "1,2";
				TEST_HOST = "$(BUILT_PRODUCTS_DIR)/CarthageTest.app/CarthageTest";
			};
			name = Release;
		};
/* End XCBuildConfiguration section */

/* Begin XCConfigurationList section */
		D94C3F5A244C283000498B2A /* Build configuration list for PBXProject "CarthageTest" */ = {
			isa = XCConfigurationList;
			buildConfigurations = (
				D94C3F7C244C283100498B2A /* Debug */,
				D94C3F7D244C283100498B2A /* Release */,
			);
			defaultConfigurationIsVisible = 0;
			defaultConfigurationName = Release;
		};
		D94C3F7E244C283100498B2A /* Build configuration list for PBXNativeTarget "CarthageTest" */ = {
			isa = XCConfigurationList;
			buildConfigurations = (
				D94C3F7F244C283100498B2A /* Debug */,
				D94C3F80244C283100498B2A /* Release */,
			);
			defaultConfigurationIsVisible = 0;
			defaultConfigurationName = Release;
		};
		D94C3F81244C283100498B2A /* Build configuration list for PBXNativeTarget "CarthageTestTests" */ = {
			isa = XCConfigurationList;
			buildConfigurations = (
				D94C3F82244C283100498B2A /* Debug */,
				D94C3F83244C283100498B2A /* Release */,
			);
			defaultConfigurationIsVisible = 0;
			defaultConfigurationName = Release;
		};
/* End XCConfigurationList section */
	};
	rootObject = D94C3F57244C283000498B2A /* Project object */;
}
